// !$*UTF8*$!
{
	archiveVersion = 1;
	classes = {
	};
	objectVersion = 46;
	objects = {

/* Begin PBXBuildFile section */
		408DD5591C4F58A9004F63CE /* AppDelegate.swift in Sources */ = {isa = PBXBuildFile; fileRef = 408DD5581C4F58A9004F63CE /* AppDelegate.swift */; };
		408DD55B1C4F58A9004F63CE /* ViewController.swift in Sources */ = {isa = PBXBuildFile; fileRef = 408DD55A1C4F58A9004F63CE /* ViewController.swift */; };
		408DD55E1C4F58A9004F63CE /* Main.storyboard in Resources */ = {isa = PBXBuildFile; fileRef = 408DD55C1C4F58A9004F63CE /* Main.storyboard */; };
		408DD5601C4F58A9004F63CE /* Assets.xcassets in Resources */ = {isa = PBXBuildFile; fileRef = 408DD55F1C4F58A9004F63CE /* Assets.xcassets */; };
		408DD5631C4F58A9004F63CE /* LaunchScreen.storyboard in Resources */ = {isa = PBXBuildFile; fileRef = 408DD5611C4F58A9004F63CE /* LaunchScreen.storyboard */; };
		408DD56E1C4F58A9004F63CE /* SF_Shuttle_TrackerTests.swift in Sources */ = {isa = PBXBuildFile; fileRef = 408DD56D1C4F58A9004F63CE /* SF_Shuttle_TrackerTests.swift */; };
		408DD5791C4F5D65004F63CE /* ShuttleRouter.swift in Sources */ = {isa = PBXBuildFile; fileRef = 408DD5781C4F5D65004F63CE /* ShuttleRouter.swift */; };
/* End PBXBuildFile section */

/* Begin PBXContainerItemProxy section */
		408DD56A1C4F58A9004F63CE /* PBXContainerItemProxy */ = {
			isa = PBXContainerItemProxy;
			containerPortal = 408DD54D1C4F58A9004F63CE /* Project object */;
			proxyType = 1;
			remoteGlobalIDString = 408DD5541C4F58A9004F63CE;
			remoteInfo = "SF Shuttle Tracker";
		};
/* End PBXContainerItemProxy section */

/* Begin PBXFileReference section */
		408DD5551C4F58A9004F63CE /* SF Shuttle Tracker.app */ = {isa = PBXFileReference; explicitFileType = wrapper.application; includeInIndex = 0; path = "SF Shuttle Tracker.app"; sourceTree = BUILT_PRODUCTS_DIR; };
		408DD5581C4F58A9004F63CE /* AppDelegate.swift */ = {isa = PBXFileReference; lastKnownFileType = sourcecode.swift; path = AppDelegate.swift; sourceTree = "<group>"; };
		408DD55A1C4F58A9004F63CE /* ViewController.swift */ = {isa = PBXFileReference; lastKnownFileType = sourcecode.swift; path = ViewController.swift; sourceTree = "<group>"; };
		408DD55D1C4F58A9004F63CE /* Base */ = {isa = PBXFileReference; lastKnownFileType = file.storyboard; name = Base; path = Base.lproj/Main.storyboard; sourceTree = "<group>"; };
		408DD55F1C4F58A9004F63CE /* Assets.xcassets */ = {isa = PBXFileReference; lastKnownFileType = folder.assetcatalog; path = Assets.xcassets; sourceTree = "<group>"; };
		408DD5621C4F58A9004F63CE /* Base */ = {isa = PBXFileReference; lastKnownFileType = file.storyboard; name = Base; path = Base.lproj/LaunchScreen.storyboard; sourceTree = "<group>"; };
		408DD5641C4F58A9004F63CE /* Info.plist */ = {isa = PBXFileReference; lastKnownFileType = text.plist.xml; path = Info.plist; sourceTree = "<group>"; };
		408DD5691C4F58A9004F63CE /* SF Shuttle TrackerTests.xctest */ = {isa = PBXFileReference; explicitFileType = wrapper.cfbundle; includeInIndex = 0; path = "SF Shuttle TrackerTests.xctest"; sourceTree = BUILT_PRODUCTS_DIR; };
		408DD56D1C4F58A9004F63CE /* SF_Shuttle_TrackerTests.swift */ = {isa = PBXFileReference; lastKnownFileType = sourcecode.swift; path = SF_Shuttle_TrackerTests.swift; sourceTree = "<group>"; };
		408DD56F1C4F58A9004F63CE /* Info.plist */ = {isa = PBXFileReference; lastKnownFileType = text.plist.xml; path = Info.plist; sourceTree = "<group>"; };
		408DD5781C4F5D65004F63CE /* ShuttleRouter.swift */ = {isa = PBXFileReference; fileEncoding = 4; lastKnownFileType = sourcecode.swift; path = ShuttleRouter.swift; sourceTree = "<group>"; };
/* End PBXFileReference section */

/* Begin PBXFrameworksBuildPhase section */
		408DD5521C4F58A9004F63CE /* Frameworks */ = {
			isa = PBXFrameworksBuildPhase;
			buildActionMask = 2147483647;
			files = (
			);
			runOnlyForDeploymentPostprocessing = 0;
		};
		408DD5661C4F58A9004F63CE /* Frameworks */ = {
			isa = PBXFrameworksBuildPhase;
			buildActionMask = 2147483647;
			files = (
			);
			runOnlyForDeploymentPostprocessing = 0;
		};
/* End PBXFrameworksBuildPhase section */

/* Begin PBXGroup section */
		408DD54C1C4F58A9004F63CE = {
			isa = PBXGroup;
			children = (
				408DD5571C4F58A9004F63CE /* SF Shuttle Tracker */,
				408DD56C1C4F58A9004F63CE /* SF Shuttle TrackerTests */,
				408DD5561C4F58A9004F63CE /* Products */,
			);
			sourceTree = "<group>";
		};
		408DD5561C4F58A9004F63CE /* Products */ = {
			isa = PBXGroup;
			children = (
				408DD5551C4F58A9004F63CE /* SF Shuttle Tracker.app */,
				408DD5691C4F58A9004F63CE /* SF Shuttle TrackerTests.xctest */,
			);
			name = Products;
			sourceTree = "<group>";
		};
		408DD5571C4F58A9004F63CE /* SF Shuttle Tracker */ = {
			isa = PBXGroup;
			children = (
				408DD5581C4F58A9004F63CE /* AppDelegate.swift */,
				408DD55A1C4F58A9004F63CE /* ViewController.swift */,
				408DD55C1C4F58A9004F63CE /* Main.storyboard */,
				408DD5781C4F5D65004F63CE /* ShuttleRouter.swift */,
				408DD55F1C4F58A9004F63CE /* Assets.xcassets */,
				408DD5611C4F58A9004F63CE /* LaunchScreen.storyboard */,
				408DD5641C4F58A9004F63CE /* Info.plist */,
			);
			path = "SF Shuttle Tracker";
			sourceTree = "<group>";
		};
		408DD56C1C4F58A9004F63CE /* SF Shuttle TrackerTests */ = {
			isa = PBXGroup;
			children = (
				408DD56D1C4F58A9004F63CE /* SF_Shuttle_TrackerTests.swift */,
				408DD56F1C4F58A9004F63CE /* Info.plist */,
			);
			path = "SF Shuttle TrackerTests";
			sourceTree = "<group>";
		};
/* End PBXGroup section */

/* Begin PBXNativeTarget section */
		408DD5541C4F58A9004F63CE /* SF Shuttle Tracker */ = {
			isa = PBXNativeTarget;
			buildConfigurationList = 408DD5721C4F58A9004F63CE /* Build configuration list for PBXNativeTarget "SF Shuttle Tracker" */;
			buildPhases = (
				408DD5511C4F58A9004F63CE /* Sources */,
				408DD5521C4F58A9004F63CE /* Frameworks */,
				408DD5531C4F58A9004F63CE /* Resources */,
			);
			buildRules = (
			);
			dependencies = (
			);
			name = "SF Shuttle Tracker";
			productName = "SF Shuttle Tracker";
			productReference = 408DD5551C4F58A9004F63CE /* SF Shuttle Tracker.app */;
			productType = "com.apple.product-type.application";
		};
		408DD5681C4F58A9004F63CE /* SF Shuttle TrackerTests */ = {
			isa = PBXNativeTarget;
			buildConfigurationList = 408DD5751C4F58A9004F63CE /* Build configuration list for PBXNativeTarget "SF Shuttle TrackerTests" */;
			buildPhases = (
				408DD5651C4F58A9004F63CE /* Sources */,
				408DD5661C4F58A9004F63CE /* Frameworks */,
				408DD5671C4F58A9004F63CE /* Resources */,
			);
			buildRules = (
			);
			dependencies = (
				408DD56B1C4F58A9004F63CE /* PBXTargetDependency */,
			);
			name = "SF Shuttle TrackerTests";
			productName = "SF Shuttle TrackerTests";
			productReference = 408DD5691C4F58A9004F63CE /* SF Shuttle TrackerTests.xctest */;
			productType = "com.apple.product-type.bundle.unit-test";
		};
/* End PBXNativeTarget section */

/* Begin PBXProject section */
		408DD54D1C4F58A9004F63CE /* Project object */ = {
			isa = PBXProject;
			attributes = {
				LastSwiftUpdateCheck = 0720;
				LastUpgradeCheck = 0720;
				ORGANIZATIONNAME = bjoli;
				TargetAttributes = {
					408DD5541C4F58A9004F63CE = {
						CreatedOnToolsVersion = 7.2;
						DevelopmentTeam = CT28RVZN2N;
					};
					408DD5681C4F58A9004F63CE = {
						CreatedOnToolsVersion = 7.2;
						TestTargetID = 408DD5541C4F58A9004F63CE;
					};
				};
			};
			buildConfigurationList = 408DD5501C4F58A9004F63CE /* Build configuration list for PBXProject "SF Shuttle Tracker" */;
			compatibilityVersion = "Xcode 3.2";
			developmentRegion = English;
			hasScannedForEncodings = 0;
			knownRegions = (
				en,
				Base,
			);
			mainGroup = 408DD54C1C4F58A9004F63CE;
			productRefGroup = 408DD5561C4F58A9004F63CE /* Products */;
			projectDirPath = "";
			projectRoot = "";
			targets = (
				408DD5541C4F58A9004F63CE /* SF Shuttle Tracker */,
				408DD5681C4F58A9004F63CE /* SF Shuttle TrackerTests */,
			);
		};
/* End PBXProject section */

/* Begin PBXResourcesBuildPhase section */
		408DD5531C4F58A9004F63CE /* Resources */ = {
			isa = PBXResourcesBuildPhase;
			buildActionMask = 2147483647;
			files = (
				408DD5631C4F58A9004F63CE /* LaunchScreen.storyboard in Resources */,
				408DD5601C4F58A9004F63CE /* Assets.xcassets in Resources */,
				408DD55E1C4F58A9004F63CE /* Main.storyboard in Resources */,
			);
			runOnlyForDeploymentPostprocessing = 0;
		};
		408DD5671C4F58A9004F63CE /* Resources */ = {
			isa = PBXResourcesBuildPhase;
			buildActionMask = 2147483647;
			files = (
			);
			runOnlyForDeploymentPostprocessing = 0;
		};
/* End PBXResourcesBuildPhase section */

/* Begin PBXSourcesBuildPhase section */
		408DD5511C4F58A9004F63CE /* Sources */ = {
			isa = PBXSourcesBuildPhase;
			buildActionMask = 2147483647;
			files = (
				408DD55B1C4F58A9004F63CE /* ViewController.swift in Sources */,
				408DD5791C4F5D65004F63CE /* ShuttleRouter.swift in Sources */,
				408DD5591C4F58A9004F63CE /* AppDelegate.swift in Sources */,
			);
			runOnlyForDeploymentPostprocessing = 0;
		};
		408DD5651C4F58A9004F63CE /* Sources */ = {
			isa = PBXSourcesBuildPhase;
			buildActionMask = 2147483647;
			files = (
				408DD56E1C4F58A9004F63CE /* SF_Shuttle_TrackerTests.swift in Sources */,
			);
			runOnlyForDeploymentPostprocessing = 0;
		};
/* End PBXSourcesBuildPhase section */

/* Begin PBXTargetDependency section */
		408DD56B1C4F58A9004F63CE /* PBXTargetDependency */ = {
			isa = PBXTargetDependency;
			target = 408DD5541C4F58A9004F63CE /* SF Shuttle Tracker */;
			targetProxy = 408DD56A1C4F58A9004F63CE /* PBXContainerItemProxy */;
		};
/* End PBXTargetDependency section */

/* Begin PBXVariantGroup section */
		408DD55C1C4F58A9004F63CE /* Main.storyboard */ = {
			isa = PBXVariantGroup;
			children = (
				408DD55D1C4F58A9004F63CE /* Base */,
			);
			name = Main.storyboard;
			sourceTree = "<group>";
		};
		408DD5611C4F58A9004F63CE /* LaunchScreen.storyboard */ = {
			isa = PBXVariantGroup;
			children = (
				408DD5621C4F58A9004F63CE /* Base */,
			);
			name = LaunchScreen.storyboard;
			sourceTree = "<group>";
		};
/* End PBXVariantGroup section */

/* Begin XCBuildConfiguration section */
		408DD5701C4F58A9004F63CE /* Debug */ = {
			isa = XCBuildConfiguration;
			buildSettings = {
				ALWAYS_SEARCH_USER_PATHS = NO;
				CLANG_CXX_LANGUAGE_STANDARD = "gnu++0x";
				CLANG_CXX_LIBRARY = "libc++";
				CLANG_ENABLE_MODULES = YES;
				CLANG_ENABLE_OBJC_ARC = YES;
				CLANG_WARN_BOOL_CONVERSION = YES;
				CLANG_WARN_CONSTANT_CONVERSION = YES;
				CLANG_WARN_DIRECT_OBJC_ISA_USAGE = YES_ERROR;
				CLANG_WARN_EMPTY_BODY = YES;
				CLANG_WARN_ENUM_CONVERSION = YES;
				CLANG_WARN_INT_CONVERSION = YES;
				CLANG_WARN_OBJC_ROOT_CLASS = YES_ERROR;
				CLANG_WARN_UNREACHABLE_CODE = YES;
				CLANG_WARN__DUPLICATE_METHOD_MATCH = YES;
				"CODE_SIGN_IDENTITY[sdk=iphoneos*]" = "iPhone Developer";
				COPY_PHASE_STRIP = NO;
				DEBUG_INFORMATION_FORMAT = dwarf;
				ENABLE_STRICT_OBJC_MSGSEND = YES;
				ENABLE_TESTABILITY = YES;
				GCC_C_LANGUAGE_STANDARD = gnu99;
				GCC_DYNAMIC_NO_PIC = NO;
				GCC_NO_COMMON_BLOCKS = YES;
				GCC_OPTIMIZATION_LEVEL = 0;
				GCC_PREPROCESSOR_DEFINITIONS = (
					"DEBUG=1",
					"$(inherited)",
				);
				GCC_WARN_64_TO_32_BIT_CONVERSION = YES;
				GCC_WARN_ABOUT_RETURN_TYPE = YES_ERROR;
				GCC_WARN_UNDECLARED_SELECTOR = YES;
				GCC_WARN_UNINITIALIZED_AUTOS = YES_AGGRESSIVE;
				GCC_WARN_UNUSED_FUNCTION = YES;
				GCC_WARN_UNUSED_VARIABLE = YES;
				IPHONEOS_DEPLOYMENT_TARGET = 9.2;
				MTL_ENABLE_DEBUG_INFO = YES;
				ONLY_ACTIVE_ARCH = YES;
				SDKROOT = iphoneos;
				SWIFT_OPTIMIZATION_LEVEL = "-Onone";
			};
			name = Debug;
		};
		408DD5711C4F58A9004F63CE /* Release */ = {
			isa = XCBuildConfiguration;
			buildSettings = {
				ALWAYS_SEARCH_USER_PATHS = NO;
				CLANG_CXX_LANGUAGE_STANDARD = "gnu++0x";
				CLANG_CXX_LIBRARY = "libc++";
				CLANG_ENABLE_MODULES = YES;
				CLANG_ENABLE_OBJC_ARC = YES;
				CLANG_WARN_BOOL_CONVERSION = YES;
				CLANG_WARN_CONSTANT_CONVERSION = YES;
				CLANG_WARN_DIRECT_OBJC_ISA_USAGE = YES_ERROR;
				CLANG_WARN_EMPTY_BODY = YES;
				CLANG_WARN_ENUM_CONVERSION = YES;
				CLANG_WARN_INT_CONVERSION = YES;
				CLANG_WARN_OBJC_ROOT_CLASS = YES_ERROR;
				CLANG_WARN_UNREACHABLE_CODE = YES;
				CLANG_WARN__DUPLICATE_METHOD_MATCH = YES;
				"CODE_SIGN_IDENTITY[sdk=iphoneos*]" = "iPhone Developer";
				COPY_PHASE_STRIP = NO;
				DEBUG_INFORMATION_FORMAT = "dwarf-with-dsym";
				ENABLE_NS_ASSERTIONS = NO;
				ENABLE_STRICT_OBJC_MSGSEND = YES;
				GCC_C_LANGUAGE_STANDARD = gnu99;
				GCC_NO_COMMON_BLOCKS = YES;
				GCC_WARN_64_TO_32_BIT_CONVERSION = YES;
				GCC_WARN_ABOUT_RETURN_TYPE = YES_ERROR;
				GCC_WARN_UNDECLARED_SELECTOR = YES;
				GCC_WARN_UNINITIALIZED_AUTOS = YES_AGGRESSIVE;
				GCC_WARN_UNUSED_FUNCTION = YES;
				GCC_WARN_UNUSED_VARIABLE = YES;
				IPHONEOS_DEPLOYMENT_TARGET = 9.2;
				MTL_ENABLE_DEBUG_INFO = NO;
				SDKROOT = iphoneos;
				VALIDATE_PRODUCT = YES;
			};
			name = Release;
		};
		408DD5731C4F58A9004F63CE /* Debug */ = {
			isa = XCBuildConfiguration;
			buildSettings = {
				ASSETCATALOG_COMPILER_APPICON_NAME = AppIcon;
				CODE_SIGN_IDENTITY = "iPhone Developer";
				"CODE_SIGN_IDENTITY[sdk=iphoneos*]" = "iPhone Developer";
				INFOPLIST_FILE = "SF Shuttle Tracker/Info.plist";
				LD_RUNPATH_SEARCH_PATHS = "$(inherited) @executable_path/Frameworks";
				PRODUCT_BUNDLE_IDENTIFIER = "com.bjoli.SF-Shuttle-Tracker";
				PRODUCT_NAME = "$(TARGET_NAME)";
				PROVISIONING_PROFILE = "";
				TARGETED_DEVICE_FAMILY = "1,2";
			};
			name = Debug;
		};
		408DD5741C4F58A9004F63CE /* Release */ = {
			isa = XCBuildConfiguration;
			buildSettings = {
				ASSETCATALOG_COMPILER_APPICON_NAME = AppIcon;
				CODE_SIGN_IDENTITY = "iPhone Developer";
				"CODE_SIGN_IDENTITY[sdk=iphoneos*]" = "iPhone Developer";
				INFOPLIST_FILE = "SF Shuttle Tracker/Info.plist";
				LD_RUNPATH_SEARCH_PATHS = "$(inherited) @executable_path/Frameworks";
				PRODUCT_BUNDLE_IDENTIFIER = "com.bjoli.SF-Shuttle-Tracker";
				PRODUCT_NAME = "$(TARGET_NAME)";
				PROVISIONING_PROFILE = "";
				TARGETED_DEVICE_FAMILY = "1,2";
			};
			name = Release;
		};
		408DD5761C4F58A9004F63CE /* Debug */ = {
			isa = XCBuildConfiguration;
			buildSettings = {
				BUNDLE_LOADER = "$(TEST_HOST)";
				INFOPLIST_FILE = "SF Shuttle TrackerTests/Info.plist";
				LD_RUNPATH_SEARCH_PATHS = "$(inherited) @executable_path/Frameworks @loader_path/Frameworks";
				PRODUCT_BUNDLE_IDENTIFIER = "com.bjoli.SF-Shuttle-TrackerTests";
				PRODUCT_NAME = "$(TARGET_NAME)";
				TEST_HOST = "$(BUILT_PRODUCTS_DIR)/SF Shuttle Tracker.app/SF Shuttle Tracker";
			};
			name = Debug;
		};
		408DD5771C4F58A9004F63CE /* Release */ = {
			isa = XCBuildConfiguration;
			buildSettings = {
				BUNDLE_LOADER = "$(TEST_HOST)";
				INFOPLIST_FILE = "SF Shuttle TrackerTests/Info.plist";
				LD_RUNPATH_SEARCH_PATHS = "$(inherited) @executable_path/Frameworks @loader_path/Frameworks";
				PRODUCT_BUNDLE_IDENTIFIER = "com.bjoli.SF-Shuttle-TrackerTests";
				PRODUCT_NAME = "$(TARGET_NAME)";
				TEST_HOST = "$(BUILT_PRODUCTS_DIR)/SF Shuttle Tracker.app/SF Shuttle Tracker";
			};
			name = Release;
		};
/* End XCBuildConfiguration section */

/* Begin XCConfigurationList section */
		408DD5501C4F58A9004F63CE /* Build configuration list for PBXProject "SF Shuttle Tracker" */ = {
			isa = XCConfigurationList;
			buildConfigurations = (
				408DD5701C4F58A9004F63CE /* Debug */,
				408DD5711C4F58A9004F63CE /* Release */,
			);
			defaultConfigurationIsVisible = 0;
			defaultConfigurationName = Release;
		};
		408DD5721C4F58A9004F63CE /* Build configuration list for PBXNativeTarget "SF Shuttle Tracker" */ = {
			isa = XCConfigurationList;
			buildConfigurations = (
				408DD5731C4F58A9004F63CE /* Debug */,
				408DD5741C4F58A9004F63CE /* Release */,
			);
			defaultConfigurationIsVisible = 0;
			defaultConfigurationName = Release;
		};
		408DD5751C4F58A9004F63CE /* Build configuration list for PBXNativeTarget "SF Shuttle TrackerTests" */ = {
			isa = XCConfigurationList;
			buildConfigurations = (
				408DD5761C4F58A9004F63CE /* Debug */,
				408DD5771C4F58A9004F63CE /* Release */,
			);
			defaultConfigurationIsVisible = 0;
			defaultConfigurationName = Release;
		};
/* End XCConfigurationList section */
	};
	rootObject = 408DD54D1C4F58A9004F63CE /* Project object */;
}
